PODS:
  - Alamofire (4.5.0)
  - Bolts/Tasks (1.8.4)
  - Parse (1.15.0):
    - Bolts/Tasks (~> 1.8)

DEPENDENCIES:
  - Alamofire
  - Parse

SPEC CHECKSUMS:
  Alamofire: f28cdffd29de33a7bfa022cbd63ae95a27fae140
  Bolts: 8a7995239dbe724f9cba2248b766d48b7ebdd322
  Parse: c0519f8fbf57bd0334f75cd22ac032d86ee55464

PODFILE CHECKSUM: 0a4f5ce0041a2190d2fea095bf04f81079756017

COCOAPODS: 1.2.1
